
Microsoft Visual Studio Solution File, Format Version 12.00
Project("{FAE04EC0-301F-11D3-BF4B-00C04F79EFBC}") = "Webhook.Wechat", "Webhook.Wechat\Webhook.Wechat.csproj", "{52574587-7A7B-402E-9C0B-C015A44EBED8}"
EndProject
Project("{FAE04EC0-301F-11D3-BF4B-00C04F79EFBC}") = "Webhook.Wechat.Test", "Webhook.Wechat.Test\Webhook.Wechat.Test.csproj", "{4FD18CA4-0377-473E-AEEE-6656CD63CA59}"
EndProject
Global
	GlobalSection(SolutionConfigurationPlatforms) = preSolution
		Debug|Any CPU = Debug|Any CPU
		Release|Any CPU = Release|Any CPU
	EndGlobalSection
	GlobalSection(ProjectConfigurationPlatforms) = postSolution
		{52574587-7A7B-402E-9C0B-C015A44EBED8}.Debug|Any CPU.ActiveCfg = Debug|Any CPU
		{52574587-7A7B-402E-9C0B-C015A44EBED8}.Debug|Any CPU.Build.0 = Debug|Any CPU
		{52574587-7A7B-402E-9C0B-C015A44EBED8}.Release|Any CPU.ActiveCfg = Release|Any CPU
		{52574587-7A7B-402E-9C0B-C015A44EBED8}.Release|Any CPU.Build.0 = Release|Any CPU
		{4FD18CA4-0377-473E-AEEE-6656CD63CA59}.Debug|Any CPU.ActiveCfg = Debug|Any CPU
		{4FD18CA4-0377-473E-AEEE-6656CD63CA59}.Debug|Any CPU.Build.0 = Debug|Any CPU
		{4FD18CA4-0377-473E-AEEE-6656CD63CA59}.Release|Any CPU.ActiveCfg = Release|Any CPU
		{4FD18CA4-0377-473E-AEEE-6656CD63CA59}.Release|Any CPU.Build.0 = Release|Any CPU
	EndGlobalSection
EndGlobal
